// !$*UTF8*$!
{
	archiveVersion = 1;
	classes = {
	};
	objectVersion = 50;
	objects = {

/* Begin PBXBuildFile section */
		F62CE640243207D900731DA6 /* Goal.swift in Sources */ = {isa = PBXBuildFile; fileRef = F62CE63F243207D900731DA6 /* Goal.swift */; };
		F62CE64224320EDB00731DA6 /* Task.swift in Sources */ = {isa = PBXBuildFile; fileRef = F62CE64124320EDB00731DA6 /* Task.swift */; };
		F630C226244859B3005F8944 /* DesignableImageView.swift in Sources */ = {isa = PBXBuildFile; fileRef = F630C208244859B3005F8944 /* DesignableImageView.swift */; };
		F630C227244859B3005F8944 /* KeyboardLayoutConstraint.swift in Sources */ = {isa = PBXBuildFile; fileRef = F630C209244859B3005F8944 /* KeyboardLayoutConstraint.swift */; };
		F630C228244859B3005F8944 /* TransitionManager.swift in Sources */ = {isa = PBXBuildFile; fileRef = F630C20A244859B3005F8944 /* TransitionManager.swift */; };
		F630C229244859B3005F8944 /* TransitionZoom.swift in Sources */ = {isa = PBXBuildFile; fileRef = F630C20B244859B3005F8944 /* TransitionZoom.swift */; };
		F630C22A244859B3005F8944 /* ImageLoader.swift in Sources */ = {isa = PBXBuildFile; fileRef = F630C20C244859B3005F8944 /* ImageLoader.swift */; };
		F630C22B244859B3005F8944 /* Spring.swift in Sources */ = {isa = PBXBuildFile; fileRef = F630C20D244859B3005F8944 /* Spring.swift */; };
		F630C22C244859B3005F8944 /* SpringImageView.swift in Sources */ = {isa = PBXBuildFile; fileRef = F630C20E244859B3005F8944 /* SpringImageView.swift */; };
		F630C22D244859B3005F8944 /* DesignableLabel.swift in Sources */ = {isa = PBXBuildFile; fileRef = F630C20F244859B3005F8944 /* DesignableLabel.swift */; };
		F630C22E244859B3005F8944 /* SoundPlayer.swift in Sources */ = {isa = PBXBuildFile; fileRef = F630C210244859B3005F8944 /* SoundPlayer.swift */; };
		F630C22F244859B3005F8944 /* BlurView.swift in Sources */ = {isa = PBXBuildFile; fileRef = F630C211244859B3005F8944 /* BlurView.swift */; };
		F630C230244859B3005F8944 /* DesignableTextField.swift in Sources */ = {isa = PBXBuildFile; fileRef = F630C212244859B3005F8944 /* DesignableTextField.swift */; };
		F630C231244859B3005F8944 /* SpringButton.swift in Sources */ = {isa = PBXBuildFile; fileRef = F630C213244859B3005F8944 /* SpringButton.swift */; };
		F630C232244859B3005F8944 /* SpringTextView.swift in Sources */ = {isa = PBXBuildFile; fileRef = F630C214244859B3005F8944 /* SpringTextView.swift */; };
		F630C233244859B3005F8944 /* Misc.swift in Sources */ = {isa = PBXBuildFile; fileRef = F630C215244859B3005F8944 /* Misc.swift */; };
		F630C234244859B3005F8944 /* SpringView.swift in Sources */ = {isa = PBXBuildFile; fileRef = F630C216244859B3005F8944 /* SpringView.swift */; };
		F630C235244859B3005F8944 /* DesignableButton.swift in Sources */ = {isa = PBXBuildFile; fileRef = F630C217244859B3005F8944 /* DesignableButton.swift */; };
		F630C236244859B3005F8944 /* SpringTextField.swift in Sources */ = {isa = PBXBuildFile; fileRef = F630C218244859B3005F8944 /* SpringTextField.swift */; };
		F630C237244859B3005F8944 /* DesignableView.swift in Sources */ = {isa = PBXBuildFile; fileRef = F630C219244859B3005F8944 /* DesignableView.swift */; };
		F630C238244859B3005F8944 /* DesignableTabBarController.swift in Sources */ = {isa = PBXBuildFile; fileRef = F630C21A244859B3005F8944 /* DesignableTabBarController.swift */; };
		F630C239244859B3005F8944 /* AsyncButton.swift in Sources */ = {isa = PBXBuildFile; fileRef = F630C21B244859B3005F8944 /* AsyncButton.swift */; };
		F630C23A244859B3005F8944 /* LoadingView.xib in Resources */ = {isa = PBXBuildFile; fileRef = F630C21C244859B3005F8944 /* LoadingView.xib */; };
		F630C23B244859B3005F8944 /* SpringLabel.swift in Sources */ = {isa = PBXBuildFile; fileRef = F630C21D244859B3005F8944 /* SpringLabel.swift */; };
		F630C23C244859B3005F8944 /* DesignableTextView.swift in Sources */ = {isa = PBXBuildFile; fileRef = F630C21F244859B3005F8944 /* DesignableTextView.swift */; };
		F630C23D244859B3005F8944 /* AutoTextView.swift in Sources */ = {isa = PBXBuildFile; fileRef = F630C220244859B3005F8944 /* AutoTextView.swift */; };
		F630C23E244859B3005F8944 /* SpringAnimation.swift in Sources */ = {isa = PBXBuildFile; fileRef = F630C221244859B3005F8944 /* SpringAnimation.swift */; };
		F630C23F244859B3005F8944 /* UnwindSegue.swift in Sources */ = {isa = PBXBuildFile; fileRef = F630C222244859B3005F8944 /* UnwindSegue.swift */; };
		F630C240244859B3005F8944 /* LoadingView.swift in Sources */ = {isa = PBXBuildFile; fileRef = F630C223244859B3005F8944 /* LoadingView.swift */; };
		F630C242244859B3005F8944 /* AsyncImageView.swift in Sources */ = {isa = PBXBuildFile; fileRef = F630C225244859B3005F8944 /* AsyncImageView.swift */; };
		F634E04F243C964B00E09571 /* TimeManager.swift in Sources */ = {isa = PBXBuildFile; fileRef = F634E04E243C964B00E09571 /* TimeManager.swift */; };
		F6636F2724581611001BB8C1 /* HistoryManagerTest.swift in Sources */ = {isa = PBXBuildFile; fileRef = F6636F2624581611001BB8C1 /* HistoryManagerTest.swift */; };
		F66F8A772449CFD5005C26A0 /* BaseTabBarController.swift in Sources */ = {isa = PBXBuildFile; fileRef = F66F8A762449CFD5005C26A0 /* BaseTabBarController.swift */; };
		F67981DC2422137600B518DE /* HistoryController.swift in Sources */ = {isa = PBXBuildFile; fileRef = F67981DB2422137600B518DE /* HistoryController.swift */; };
		F67981DE2422139C00B518DE /* ProgressController.swift in Sources */ = {isa = PBXBuildFile; fileRef = F67981DD2422139C00B518DE /* ProgressController.swift */; };
		F689AAB7242E28E30037D003 /* DataManager.swift in Sources */ = {isa = PBXBuildFile; fileRef = F689AAB6242E28E30037D003 /* DataManager.swift */; };
		F6974E99245069A900401CFF /* StatsManagerTest.swift in Sources */ = {isa = PBXBuildFile; fileRef = F6974E98245069A900401CFF /* StatsManagerTest.swift */; };
		F69A87AB2440B813004E9743 /* HistoryManager.swift in Sources */ = {isa = PBXBuildFile; fileRef = F69A87AA2440B813004E9743 /* HistoryManager.swift */; };
		F69A87AD24421442004E9743 /* HistoryGoalCell.swift in Sources */ = {isa = PBXBuildFile; fileRef = F69A87AC24421442004E9743 /* HistoryGoalCell.swift */; };
		F69A87B1244215AC004E9743 /* HistoryDetailController.swift in Sources */ = {isa = PBXBuildFile; fileRef = F69A87B0244215AC004E9743 /* HistoryDetailController.swift */; };
		F6AA27B5244CA152009B64FC /* SF-Pro-Rounded-Medium.otf in Resources */ = {isa = PBXBuildFile; fileRef = F6AA27B4244CA152009B64FC /* SF-Pro-Rounded-Medium.otf */; };
		F6AA27B7244CA1A7009B64FC /* SF-Pro-Rounded-Light.otf in Resources */ = {isa = PBXBuildFile; fileRef = F6AA27B6244CA1A7009B64FC /* SF-Pro-Rounded-Light.otf */; };
		F6AA27B9244CA1D7009B64FC /* SF-Pro-Display-Bold.otf in Resources */ = {isa = PBXBuildFile; fileRef = F6AA27B8244CA1D7009B64FC /* SF-Pro-Display-Bold.otf */; };
		F6AE8FFB2438DED400EFC4B7 /* CellDelegate.swift in Sources */ = {isa = PBXBuildFile; fileRef = F6AE8FFA2438DED400EFC4B7 /* CellDelegate.swift */; };
		F6C1567C24163FF800228264 /* AppDelegate.swift in Sources */ = {isa = PBXBuildFile; fileRef = F6C1567B24163FF800228264 /* AppDelegate.swift */; };
		F6C1567E24163FF800228264 /* SceneDelegate.swift in Sources */ = {isa = PBXBuildFile; fileRef = F6C1567D24163FF800228264 /* SceneDelegate.swift */; };
		F6C1568024163FF800228264 /* TodayController.swift in Sources */ = {isa = PBXBuildFile; fileRef = F6C1567F24163FF800228264 /* TodayController.swift */; };
		F6C1568324163FF800228264 /* Main.storyboard in Resources */ = {isa = PBXBuildFile; fileRef = F6C1568124163FF800228264 /* Main.storyboard */; };
		F6C1568624163FF900228264 /* FocusOn.xcdatamodeld in Sources */ = {isa = PBXBuildFile; fileRef = F6C1568424163FF800228264 /* FocusOn.xcdatamodeld */; };
		F6C1568824163FFB00228264 /* Assets.xcassets in Resources */ = {isa = PBXBuildFile; fileRef = F6C1568724163FFB00228264 /* Assets.xcassets */; };
		F6C1568B24163FFB00228264 /* LaunchScreen.storyboard in Resources */ = {isa = PBXBuildFile; fileRef = F6C1568924163FFB00228264 /* LaunchScreen.storyboard */; };
		F6C36FBB24436A4E00A844A6 /* HistorySummaryCell.swift in Sources */ = {isa = PBXBuildFile; fileRef = F6C36FBA24436A4E00A844A6 /* HistorySummaryCell.swift */; };
		F6C36FBD24436A8C00A844A6 /* DetailGoalCell.swift in Sources */ = {isa = PBXBuildFile; fileRef = F6C36FBC24436A8C00A844A6 /* DetailGoalCell.swift */; };
		F6C36FBF24436AF600A844A6 /* DetailTaskCell.swift in Sources */ = {isa = PBXBuildFile; fileRef = F6C36FBE24436AF600A844A6 /* DetailTaskCell.swift */; };
		F6C36FCA2445C3CA00A844A6 /* Charts.framework in Frameworks */ = {isa = PBXBuildFile; fileRef = F6C36FC62445C3A800A844A6 /* Charts.framework */; };
		F6C36FCB2445C3CA00A844A6 /* Charts.framework in Embed Frameworks */ = {isa = PBXBuildFile; fileRef = F6C36FC62445C3A800A844A6 /* Charts.framework */; settings = {ATTRIBUTES = (CodeSignOnCopy, RemoveHeadersOnCopy, ); }; };
		F6C799D72424BE5C00B1C455 /* GoalCell.swift in Sources */ = {isa = PBXBuildFile; fileRef = F6C799D62424BE5C00B1C455 /* GoalCell.swift */; };
		F6C799D92424BE9900B1C455 /* TaskCell.swift in Sources */ = {isa = PBXBuildFile; fileRef = F6C799D82424BE9900B1C455 /* TaskCell.swift */; };
		F6CFC32424601FBD00A0CE2D /* DataManagerTest.swift in Sources */ = {isa = PBXBuildFile; fileRef = F6CFC32324601FBD00A0CE2D /* DataManagerTest.swift */; };
		F6F9DAF7244638CE00E30497 /* StatsManager.swift in Sources */ = {isa = PBXBuildFile; fileRef = F6F9DAF6244638CE00E30497 /* StatsManager.swift */; };
		F6FA8B87244C731F00A01D73 /* GradientView.swift in Sources */ = {isa = PBXBuildFile; fileRef = F6FA8B86244C731F00A01D73 /* GradientView.swift */; };
		F6FF54ED244DA40500C412C8 /* CornerRadiusView.swift in Sources */ = {isa = PBXBuildFile; fileRef = F6FF54EC244DA40500C412C8 /* CornerRadiusView.swift */; };
/* End PBXBuildFile section */

/* Begin PBXContainerItemProxy section */
		F6C1569224163FFB00228264 /* PBXContainerItemProxy */ = {
			isa = PBXContainerItemProxy;
			containerPortal = F6C1567024163FF800228264 /* Project object */;
			proxyType = 1;
			remoteGlobalIDString = F6C1567724163FF800228264;
			remoteInfo = FocusOn;
		};
		F6C36FC52445C3A800A844A6 /* PBXContainerItemProxy */ = {
			isa = PBXContainerItemProxy;
			containerPortal = F6C36FC02445C3A800A844A6 /* Charts.xcodeproj */;
			proxyType = 2;
			remoteGlobalIDString = 65AD9E95D9ED4DC0BD73A743;
			remoteInfo = Charts;
		};
		F6C36FC72445C3A800A844A6 /* PBXContainerItemProxy */ = {
			isa = PBXContainerItemProxy;
			containerPortal = F6C36FC02445C3A800A844A6 /* Charts.xcodeproj */;
			proxyType = 2;
			remoteGlobalIDString = 1CBBC58C6CE1EBEE9852CE41;
			remoteInfo = ChartsTests;
		};
/* End PBXContainerItemProxy section */

/* Begin PBXCopyFilesBuildPhase section */
		F6C36FCC2445C3CA00A844A6 /* Embed Frameworks */ = {
			isa = PBXCopyFilesBuildPhase;
			buildActionMask = 2147483647;
			dstPath = "";
			dstSubfolderSpec = 10;
			files = (
				F6C36FCB2445C3CA00A844A6 /* Charts.framework in Embed Frameworks */,
			);
			name = "Embed Frameworks";
			runOnlyForDeploymentPostprocessing = 0;
		};
/* End PBXCopyFilesBuildPhase section */

/* Begin PBXFileReference section */
		F62CE63F243207D900731DA6 /* Goal.swift */ = {isa = PBXFileReference; lastKnownFileType = sourcecode.swift; path = Goal.swift; sourceTree = "<group>"; };
		F62CE64124320EDB00731DA6 /* Task.swift */ = {isa = PBXFileReference; lastKnownFileType = sourcecode.swift; path = Task.swift; sourceTree = "<group>"; };
		F630C208244859B3005F8944 /* DesignableImageView.swift */ = {isa = PBXFileReference; fileEncoding = 4; lastKnownFileType = sourcecode.swift; path = DesignableImageView.swift; sourceTree = "<group>"; };
		F630C209244859B3005F8944 /* KeyboardLayoutConstraint.swift */ = {isa = PBXFileReference; fileEncoding = 4; lastKnownFileType = sourcecode.swift; path = KeyboardLayoutConstraint.swift; sourceTree = "<group>"; };
		F630C20A244859B3005F8944 /* TransitionManager.swift */ = {isa = PBXFileReference; fileEncoding = 4; lastKnownFileType = sourcecode.swift; path = TransitionManager.swift; sourceTree = "<group>"; };
		F630C20B244859B3005F8944 /* TransitionZoom.swift */ = {isa = PBXFileReference; fileEncoding = 4; lastKnownFileType = sourcecode.swift; path = TransitionZoom.swift; sourceTree = "<group>"; };
		F630C20C244859B3005F8944 /* ImageLoader.swift */ = {isa = PBXFileReference; fileEncoding = 4; lastKnownFileType = sourcecode.swift; path = ImageLoader.swift; sourceTree = "<group>"; };
		F630C20D244859B3005F8944 /* Spring.swift */ = {isa = PBXFileReference; fileEncoding = 4; lastKnownFileType = sourcecode.swift; path = Spring.swift; sourceTree = "<group>"; };
		F630C20E244859B3005F8944 /* SpringImageView.swift */ = {isa = PBXFileReference; fileEncoding = 4; lastKnownFileType = sourcecode.swift; path = SpringImageView.swift; sourceTree = "<group>"; };
		F630C20F244859B3005F8944 /* DesignableLabel.swift */ = {isa = PBXFileReference; fileEncoding = 4; lastKnownFileType = sourcecode.swift; path = DesignableLabel.swift; sourceTree = "<group>"; };
		F630C210244859B3005F8944 /* SoundPlayer.swift */ = {isa = PBXFileReference; fileEncoding = 4; lastKnownFileType = sourcecode.swift; path = SoundPlayer.swift; sourceTree = "<group>"; };
		F630C211244859B3005F8944 /* BlurView.swift */ = {isa = PBXFileReference; fileEncoding = 4; lastKnownFileType = sourcecode.swift; path = BlurView.swift; sourceTree = "<group>"; };
		F630C212244859B3005F8944 /* DesignableTextField.swift */ = {isa = PBXFileReference; fileEncoding = 4; lastKnownFileType = sourcecode.swift; path = DesignableTextField.swift; sourceTree = "<group>"; };
		F630C213244859B3005F8944 /* SpringButton.swift */ = {isa = PBXFileReference; fileEncoding = 4; lastKnownFileType = sourcecode.swift; path = SpringButton.swift; sourceTree = "<group>"; };
		F630C214244859B3005F8944 /* SpringTextView.swift */ = {isa = PBXFileReference; fileEncoding = 4; lastKnownFileType = sourcecode.swift; path = SpringTextView.swift; sourceTree = "<group>"; };
		F630C215244859B3005F8944 /* Misc.swift */ = {isa = PBXFileReference; fileEncoding = 4; lastKnownFileType = sourcecode.swift; path = Misc.swift; sourceTree = "<group>"; };
		F630C216244859B3005F8944 /* SpringView.swift */ = {isa = PBXFileReference; fileEncoding = 4; lastKnownFileType = sourcecode.swift; path = SpringView.swift; sourceTree = "<group>"; };
		F630C217244859B3005F8944 /* DesignableButton.swift */ = {isa = PBXFileReference; fileEncoding = 4; lastKnownFileType = sourcecode.swift; path = DesignableButton.swift; sourceTree = "<group>"; };
		F630C218244859B3005F8944 /* SpringTextField.swift */ = {isa = PBXFileReference; fileEncoding = 4; lastKnownFileType = sourcecode.swift; path = SpringTextField.swift; sourceTree = "<group>"; };
		F630C219244859B3005F8944 /* DesignableView.swift */ = {isa = PBXFileReference; fileEncoding = 4; lastKnownFileType = sourcecode.swift; path = DesignableView.swift; sourceTree = "<group>"; };
		F630C21A244859B3005F8944 /* DesignableTabBarController.swift */ = {isa = PBXFileReference; fileEncoding = 4; lastKnownFileType = sourcecode.swift; path = DesignableTabBarController.swift; sourceTree = "<group>"; };
		F630C21B244859B3005F8944 /* AsyncButton.swift */ = {isa = PBXFileReference; fileEncoding = 4; lastKnownFileType = sourcecode.swift; path = AsyncButton.swift; sourceTree = "<group>"; };
		F630C21C244859B3005F8944 /* LoadingView.xib */ = {isa = PBXFileReference; fileEncoding = 4; lastKnownFileType = file.xib; path = LoadingView.xib; sourceTree = "<group>"; };
		F630C21D244859B3005F8944 /* SpringLabel.swift */ = {isa = PBXFileReference; fileEncoding = 4; lastKnownFileType = sourcecode.swift; path = SpringLabel.swift; sourceTree = "<group>"; };
		F630C21E244859B3005F8944 /* Spring.h */ = {isa = PBXFileReference; fileEncoding = 4; lastKnownFileType = sourcecode.c.h; path = Spring.h; sourceTree = "<group>"; };
		F630C21F244859B3005F8944 /* DesignableTextView.swift */ = {isa = PBXFileReference; fileEncoding = 4; lastKnownFileType = sourcecode.swift; path = DesignableTextView.swift; sourceTree = "<group>"; };
		F630C220244859B3005F8944 /* AutoTextView.swift */ = {isa = PBXFileReference; fileEncoding = 4; lastKnownFileType = sourcecode.swift; path = AutoTextView.swift; sourceTree = "<group>"; };
		F630C221244859B3005F8944 /* SpringAnimation.swift */ = {isa = PBXFileReference; fileEncoding = 4; lastKnownFileType = sourcecode.swift; path = SpringAnimation.swift; sourceTree = "<group>"; };
		F630C222244859B3005F8944 /* UnwindSegue.swift */ = {isa = PBXFileReference; fileEncoding = 4; lastKnownFileType = sourcecode.swift; path = UnwindSegue.swift; sourceTree = "<group>"; };
		F630C223244859B3005F8944 /* LoadingView.swift */ = {isa = PBXFileReference; fileEncoding = 4; lastKnownFileType = sourcecode.swift; path = LoadingView.swift; sourceTree = "<group>"; };
		F630C224244859B3005F8944 /* Info.plist */ = {isa = PBXFileReference; fileEncoding = 4; lastKnownFileType = text.plist.xml; path = Info.plist; sourceTree = "<group>"; };
		F630C225244859B3005F8944 /* AsyncImageView.swift */ = {isa = PBXFileReference; fileEncoding = 4; lastKnownFileType = sourcecode.swift; path = AsyncImageView.swift; sourceTree = "<group>"; };
		F634E04E243C964B00E09571 /* TimeManager.swift */ = {isa = PBXFileReference; lastKnownFileType = sourcecode.swift; path = TimeManager.swift; sourceTree = "<group>"; };
		F6636F2624581611001BB8C1 /* HistoryManagerTest.swift */ = {isa = PBXFileReference; lastKnownFileType = sourcecode.swift; path = HistoryManagerTest.swift; sourceTree = "<group>"; };
		F66F8A762449CFD5005C26A0 /* BaseTabBarController.swift */ = {isa = PBXFileReference; lastKnownFileType = sourcecode.swift; path = BaseTabBarController.swift; sourceTree = "<group>"; };
		F67981DB2422137600B518DE /* HistoryController.swift */ = {isa = PBXFileReference; lastKnownFileType = sourcecode.swift; path = HistoryController.swift; sourceTree = "<group>"; };
		F67981DD2422139C00B518DE /* ProgressController.swift */ = {isa = PBXFileReference; lastKnownFileType = sourcecode.swift; path = ProgressController.swift; sourceTree = "<group>"; };
		F689AAB6242E28E30037D003 /* DataManager.swift */ = {isa = PBXFileReference; lastKnownFileType = sourcecode.swift; path = DataManager.swift; sourceTree = "<group>"; };
		F6974E98245069A900401CFF /* StatsManagerTest.swift */ = {isa = PBXFileReference; lastKnownFileType = sourcecode.swift; path = StatsManagerTest.swift; sourceTree = "<group>"; };
		F69A87AA2440B813004E9743 /* HistoryManager.swift */ = {isa = PBXFileReference; lastKnownFileType = sourcecode.swift; path = HistoryManager.swift; sourceTree = "<group>"; };
		F69A87AC24421442004E9743 /* HistoryGoalCell.swift */ = {isa = PBXFileReference; lastKnownFileType = sourcecode.swift; path = HistoryGoalCell.swift; sourceTree = "<group>"; };
		F69A87B0244215AC004E9743 /* HistoryDetailController.swift */ = {isa = PBXFileReference; lastKnownFileType = sourcecode.swift; path = HistoryDetailController.swift; sourceTree = "<group>"; };
		F6AA27B4244CA152009B64FC /* SF-Pro-Rounded-Medium.otf */ = {isa = PBXFileReference; lastKnownFileType = file; path = "SF-Pro-Rounded-Medium.otf"; sourceTree = "<group>"; };
		F6AA27B6244CA1A7009B64FC /* SF-Pro-Rounded-Light.otf */ = {isa = PBXFileReference; lastKnownFileType = file; path = "SF-Pro-Rounded-Light.otf"; sourceTree = "<group>"; };
		F6AA27B8244CA1D7009B64FC /* SF-Pro-Display-Bold.otf */ = {isa = PBXFileReference; lastKnownFileType = file; path = "SF-Pro-Display-Bold.otf"; sourceTree = "<group>"; };
		F6AE8FFA2438DED400EFC4B7 /* CellDelegate.swift */ = {isa = PBXFileReference; lastKnownFileType = sourcecode.swift; path = CellDelegate.swift; sourceTree = "<group>"; };
		F6C1567824163FF800228264 /* FocusOn.app */ = {isa = PBXFileReference; explicitFileType = wrapper.application; includeInIndex = 0; path = FocusOn.app; sourceTree = BUILT_PRODUCTS_DIR; };
		F6C1567B24163FF800228264 /* AppDelegate.swift */ = {isa = PBXFileReference; lastKnownFileType = sourcecode.swift; path = AppDelegate.swift; sourceTree = "<group>"; };
		F6C1567D24163FF800228264 /* SceneDelegate.swift */ = {isa = PBXFileReference; lastKnownFileType = sourcecode.swift; path = SceneDelegate.swift; sourceTree = "<group>"; };
		F6C1567F24163FF800228264 /* TodayController.swift */ = {isa = PBXFileReference; lastKnownFileType = sourcecode.swift; path = TodayController.swift; sourceTree = "<group>"; };
		F6C1568224163FF800228264 /* Base */ = {isa = PBXFileReference; lastKnownFileType = file.storyboard; name = Base; path = Base.lproj/Main.storyboard; sourceTree = "<group>"; };
		F6C1568524163FF800228264 /* FocusOn.xcdatamodel */ = {isa = PBXFileReference; lastKnownFileType = wrapper.xcdatamodel; path = FocusOn.xcdatamodel; sourceTree = "<group>"; };
		F6C1568724163FFB00228264 /* Assets.xcassets */ = {isa = PBXFileReference; lastKnownFileType = folder.assetcatalog; path = Assets.xcassets; sourceTree = "<group>"; };
		F6C1568A24163FFB00228264 /* Base */ = {isa = PBXFileReference; lastKnownFileType = file.storyboard; name = Base; path = Base.lproj/LaunchScreen.storyboard; sourceTree = "<group>"; };
		F6C1568C24163FFB00228264 /* Info.plist */ = {isa = PBXFileReference; lastKnownFileType = text.plist.xml; path = Info.plist; sourceTree = "<group>"; };
		F6C1569124163FFB00228264 /* FocusOnTests.xctest */ = {isa = PBXFileReference; explicitFileType = wrapper.cfbundle; includeInIndex = 0; path = FocusOnTests.xctest; sourceTree = BUILT_PRODUCTS_DIR; };
		F6C1569724163FFB00228264 /* Info.plist */ = {isa = PBXFileReference; lastKnownFileType = text.plist.xml; path = Info.plist; sourceTree = "<group>"; };
		F6C36FBA24436A4E00A844A6 /* HistorySummaryCell.swift */ = {isa = PBXFileReference; lastKnownFileType = sourcecode.swift; path = HistorySummaryCell.swift; sourceTree = "<group>"; };
		F6C36FBC24436A8C00A844A6 /* DetailGoalCell.swift */ = {isa = PBXFileReference; lastKnownFileType = sourcecode.swift; path = DetailGoalCell.swift; sourceTree = "<group>"; };
		F6C36FBE24436AF600A844A6 /* DetailTaskCell.swift */ = {isa = PBXFileReference; lastKnownFileType = sourcecode.swift; path = DetailTaskCell.swift; sourceTree = "<group>"; };
		F6C36FC02445C3A800A844A6 /* Charts.xcodeproj */ = {isa = PBXFileReference; lastKnownFileType = "wrapper.pb-project"; name = Charts.xcodeproj; path = "../../../Downloads/Charts-master/Charts.xcodeproj"; sourceTree = "<group>"; };
		F6C799D62424BE5C00B1C455 /* GoalCell.swift */ = {isa = PBXFileReference; lastKnownFileType = sourcecode.swift; path = GoalCell.swift; sourceTree = "<group>"; };
		F6C799D82424BE9900B1C455 /* TaskCell.swift */ = {isa = PBXFileReference; lastKnownFileType = sourcecode.swift; path = TaskCell.swift; sourceTree = "<group>"; };
		F6CFC32324601FBD00A0CE2D /* DataManagerTest.swift */ = {isa = PBXFileReference; lastKnownFileType = sourcecode.swift; path = DataManagerTest.swift; sourceTree = "<group>"; };
		F6F9DAF6244638CE00E30497 /* StatsManager.swift */ = {isa = PBXFileReference; lastKnownFileType = sourcecode.swift; path = StatsManager.swift; sourceTree = "<group>"; };
		F6FA8B86244C731F00A01D73 /* GradientView.swift */ = {isa = PBXFileReference; lastKnownFileType = sourcecode.swift; path = GradientView.swift; sourceTree = "<group>"; };
		F6FF54EC244DA40500C412C8 /* CornerRadiusView.swift */ = {isa = PBXFileReference; lastKnownFileType = sourcecode.swift; path = CornerRadiusView.swift; sourceTree = "<group>"; };
/* End PBXFileReference section */

/* Begin PBXFrameworksBuildPhase section */
		F6C1567524163FF800228264 /* Frameworks */ = {
			isa = PBXFrameworksBuildPhase;
			buildActionMask = 2147483647;
			files = (
				F6C36FCA2445C3CA00A844A6 /* Charts.framework in Frameworks */,
			);
			runOnlyForDeploymentPostprocessing = 0;
		};
		F6C1568E24163FFB00228264 /* Frameworks */ = {
			isa = PBXFrameworksBuildPhase;
			buildActionMask = 2147483647;
			files = (
			);
			runOnlyForDeploymentPostprocessing = 0;
		};
/* End PBXFrameworksBuildPhase section */

/* Begin PBXGroup section */
		F6017B0F2433AC10009C15C6 /* Cells */ = {
			isa = PBXGroup;
			children = (
				F6C799D62424BE5C00B1C455 /* GoalCell.swift */,
				F6C799D82424BE9900B1C455 /* TaskCell.swift */,
				F69A87AC24421442004E9743 /* HistoryGoalCell.swift */,
				F6C36FBA24436A4E00A844A6 /* HistorySummaryCell.swift */,
				F6C36FBC24436A8C00A844A6 /* DetailGoalCell.swift */,
				F6C36FBE24436AF600A844A6 /* DetailTaskCell.swift */,
			);
			path = Cells;
			sourceTree = "<group>";
		};
		F630C207244859B3005F8944 /* Spring */ = {
			isa = PBXGroup;
			children = (
				F630C208244859B3005F8944 /* DesignableImageView.swift */,
				F630C209244859B3005F8944 /* KeyboardLayoutConstraint.swift */,
				F630C20A244859B3005F8944 /* TransitionManager.swift */,
				F630C20B244859B3005F8944 /* TransitionZoom.swift */,
				F630C20C244859B3005F8944 /* ImageLoader.swift */,
				F630C20D244859B3005F8944 /* Spring.swift */,
				F630C20E244859B3005F8944 /* SpringImageView.swift */,
				F630C20F244859B3005F8944 /* DesignableLabel.swift */,
				F630C210244859B3005F8944 /* SoundPlayer.swift */,
				F630C211244859B3005F8944 /* BlurView.swift */,
				F630C212244859B3005F8944 /* DesignableTextField.swift */,
				F630C213244859B3005F8944 /* SpringButton.swift */,
				F630C214244859B3005F8944 /* SpringTextView.swift */,
				F630C215244859B3005F8944 /* Misc.swift */,
				F630C216244859B3005F8944 /* SpringView.swift */,
				F630C217244859B3005F8944 /* DesignableButton.swift */,
				F630C218244859B3005F8944 /* SpringTextField.swift */,
				F630C219244859B3005F8944 /* DesignableView.swift */,
				F630C21A244859B3005F8944 /* DesignableTabBarController.swift */,
				F630C21B244859B3005F8944 /* AsyncButton.swift */,
				F630C21C244859B3005F8944 /* LoadingView.xib */,
				F630C21D244859B3005F8944 /* SpringLabel.swift */,
				F630C21E244859B3005F8944 /* Spring.h */,
				F630C21F244859B3005F8944 /* DesignableTextView.swift */,
				F630C220244859B3005F8944 /* AutoTextView.swift */,
				F630C221244859B3005F8944 /* SpringAnimation.swift */,
				F630C222244859B3005F8944 /* UnwindSegue.swift */,
				F630C223244859B3005F8944 /* LoadingView.swift */,
				F630C224244859B3005F8944 /* Info.plist */,
				F630C225244859B3005F8944 /* AsyncImageView.swift */,
			);
			path = Spring;
			sourceTree = "<group>";
		};
		F67981D624220E6200B518DE /* Model */ = {
			isa = PBXGroup;
			children = (
				F6C1568424163FF800228264 /* FocusOn.xcdatamodeld */,
				F634E04E243C964B00E09571 /* TimeManager.swift */,
				F689AAB6242E28E30037D003 /* DataManager.swift */,
				F69A87AA2440B813004E9743 /* HistoryManager.swift */,
				F6F9DAF6244638CE00E30497 /* StatsManager.swift */,
				F6AE8FFA2438DED400EFC4B7 /* CellDelegate.swift */,
				F62CE63F243207D900731DA6 /* Goal.swift */,
				F62CE64124320EDB00731DA6 /* Task.swift */,
			);
			path = Model;
			sourceTree = "<group>";
		};
		F67981D724220E6D00B518DE /* View */ = {
			isa = PBXGroup;
			children = (
				F6C1568124163FF800228264 /* Main.storyboard */,
				F6FA8B8A244C740800A01D73 /* IB Design & Inspectables */,
			);
			path = View;
			sourceTree = "<group>";
		};
		F67981D824220E7300B518DE /* Controller */ = {
			isa = PBXGroup;
			children = (
				F6C1567F24163FF800228264 /* TodayController.swift */,
				F67981DB2422137600B518DE /* HistoryController.swift */,
				F69A87B0244215AC004E9743 /* HistoryDetailController.swift */,
				F67981DD2422139C00B518DE /* ProgressController.swift */,
				F6017B0F2433AC10009C15C6 /* Cells */,
			);
			path = Controller;
			sourceTree = "<group>";
		};
		F67981DA24220EC700B518DE /* SupportingFiles */ = {
			isa = PBXGroup;
			children = (
				F6AA27B1244CA100009B64FC /* Fonts */,
				F630C207244859B3005F8944 /* Spring */,
				F6C1567B24163FF800228264 /* AppDelegate.swift */,
				F6C1567D24163FF800228264 /* SceneDelegate.swift */,
				F6C1568924163FFB00228264 /* LaunchScreen.storyboard */,
				F6C1568C24163FFB00228264 /* Info.plist */,
			);
			name = SupportingFiles;
			sourceTree = "<group>";
		};
		F6AA27B1244CA100009B64FC /* Fonts */ = {
			isa = PBXGroup;
			children = (
				F6AA27B8244CA1D7009B64FC /* SF-Pro-Display-Bold.otf */,
				F6AA27B6244CA1A7009B64FC /* SF-Pro-Rounded-Light.otf */,
				F6AA27B4244CA152009B64FC /* SF-Pro-Rounded-Medium.otf */,
			);
			path = Fonts;
			sourceTree = "<group>";
		};
		F6C1566F24163FF800228264 = {
			isa = PBXGroup;
			children = (
				F6C36FC02445C3A800A844A6 /* Charts.xcodeproj */,
				F6C1567A24163FF800228264 /* FocusOn */,
				F6C1569424163FFB00228264 /* FocusOnTests */,
				F6C1567924163FF800228264 /* Products */,
				F6C36FC92445C3CA00A844A6 /* Frameworks */,
			);
			sourceTree = "<group>";
		};
		F6C1567924163FF800228264 /* Products */ = {
			isa = PBXGroup;
			children = (
				F6C1567824163FF800228264 /* FocusOn.app */,
				F6C1569124163FFB00228264 /* FocusOnTests.xctest */,
			);
			name = Products;
			sourceTree = "<group>";
		};
		F6C1567A24163FF800228264 /* FocusOn */ = {
			isa = PBXGroup;
			children = (
				F67981D624220E6200B518DE /* Model */,
				F67981D724220E6D00B518DE /* View */,
				F67981D824220E7300B518DE /* Controller */,
				F67981DA24220EC700B518DE /* SupportingFiles */,
				F6C1568724163FFB00228264 /* Assets.xcassets */,
			);
			path = FocusOn;
			sourceTree = "<group>";
		};
		F6C1569424163FFB00228264 /* FocusOnTests */ = {
			isa = PBXGroup;
			children = (
				F6974E98245069A900401CFF /* StatsManagerTest.swift */,
				F6636F2624581611001BB8C1 /* HistoryManagerTest.swift */,
				F6CFC32324601FBD00A0CE2D /* DataManagerTest.swift */,
				F6C1569724163FFB00228264 /* Info.plist */,
			);
			path = FocusOnTests;
			sourceTree = "<group>";
		};
		F6C36FC12445C3A800A844A6 /* Products */ = {
			isa = PBXGroup;
			children = (
				F6C36FC62445C3A800A844A6 /* Charts.framework */,
				F6C36FC82445C3A800A844A6 /* ChartsTests.xctest */,
			);
			name = Products;
			sourceTree = "<group>";
		};
		F6C36FC92445C3CA00A844A6 /* Frameworks */ = {
			isa = PBXGroup;
			children = (
			);
			name = Frameworks;
			sourceTree = "<group>";
		};
		F6FA8B8A244C740800A01D73 /* IB Design & Inspectables */ = {
			isa = PBXGroup;
			children = (
				F66F8A762449CFD5005C26A0 /* BaseTabBarController.swift */,
				F6FA8B86244C731F00A01D73 /* GradientView.swift */,
				F6FF54EC244DA40500C412C8 /* CornerRadiusView.swift */,
			);
			path = "IB Design & Inspectables";
			sourceTree = "<group>";
		};
/* End PBXGroup section */

/* Begin PBXNativeTarget section */
		F6C1567724163FF800228264 /* FocusOn */ = {
			isa = PBXNativeTarget;
			buildConfigurationList = F6C1569A24163FFB00228264 /* Build configuration list for PBXNativeTarget "FocusOn" */;
			buildPhases = (
				F6C1567424163FF800228264 /* Sources */,
				F6C1567524163FF800228264 /* Frameworks */,
				F6C1567624163FF800228264 /* Resources */,
				F6C36FCC2445C3CA00A844A6 /* Embed Frameworks */,
			);
			buildRules = (
			);
			dependencies = (
			);
			name = FocusOn;
			productName = FocusOn;
			productReference = F6C1567824163FF800228264 /* FocusOn.app */;
			productType = "com.apple.product-type.application";
		};
		F6C1569024163FFB00228264 /* FocusOnTests */ = {
			isa = PBXNativeTarget;
			buildConfigurationList = F6C1569D24163FFB00228264 /* Build configuration list for PBXNativeTarget "FocusOnTests" */;
			buildPhases = (
				F6C1568D24163FFB00228264 /* Sources */,
				F6C1568E24163FFB00228264 /* Frameworks */,
				F6C1568F24163FFB00228264 /* Resources */,
			);
			buildRules = (
			);
			dependencies = (
				F6C1569324163FFB00228264 /* PBXTargetDependency */,
			);
			name = FocusOnTests;
			productName = FocusOnTests;
			productReference = F6C1569124163FFB00228264 /* FocusOnTests.xctest */;
			productType = "com.apple.product-type.bundle.unit-test";
		};
/* End PBXNativeTarget section */

/* Begin PBXProject section */
		F6C1567024163FF800228264 /* Project object */ = {
			isa = PBXProject;
			attributes = {
				LastSwiftUpdateCheck = 1140;
				LastUpgradeCheck = 1130;
				ORGANIZATIONNAME = "Bjørn Lau Jørgensen";
				TargetAttributes = {
					F6C1567724163FF800228264 = {
						CreatedOnToolsVersion = 11.3.1;
					};
					F6C1569024163FFB00228264 = {
						CreatedOnToolsVersion = 11.3.1;
						TestTargetID = F6C1567724163FF800228264;
					};
				};
			};
			buildConfigurationList = F6C1567324163FF800228264 /* Build configuration list for PBXProject "FocusOn" */;
			compatibilityVersion = "Xcode 9.3";
			developmentRegion = en;
			hasScannedForEncodings = 0;
			knownRegions = (
				en,
				Base,
			);
			mainGroup = F6C1566F24163FF800228264;
			productRefGroup = F6C1567924163FF800228264 /* Products */;
			projectDirPath = "";
			projectReferences = (
				{
					ProductGroup = F6C36FC12445C3A800A844A6 /* Products */;
					ProjectRef = F6C36FC02445C3A800A844A6 /* Charts.xcodeproj */;
				},
			);
			projectRoot = "";
			targets = (
				F6C1567724163FF800228264 /* FocusOn */,
				F6C1569024163FFB00228264 /* FocusOnTests */,
			);
		};
/* End PBXProject section */

/* Begin PBXReferenceProxy section */
		F6C36FC62445C3A800A844A6 /* Charts.framework */ = {
			isa = PBXReferenceProxy;
			fileType = wrapper.framework;
			path = Charts.framework;
			remoteRef = F6C36FC52445C3A800A844A6 /* PBXContainerItemProxy */;
			sourceTree = BUILT_PRODUCTS_DIR;
		};
		F6C36FC82445C3A800A844A6 /* ChartsTests.xctest */ = {
			isa = PBXReferenceProxy;
			fileType = wrapper.cfbundle;
			path = ChartsTests.xctest;
			remoteRef = F6C36FC72445C3A800A844A6 /* PBXContainerItemProxy */;
			sourceTree = BUILT_PRODUCTS_DIR;
		};
/* End PBXReferenceProxy section */

/* Begin PBXResourcesBuildPhase section */
		F6C1567624163FF800228264 /* Resources */ = {
			isa = PBXResourcesBuildPhase;
			buildActionMask = 2147483647;
			files = (
				F6C1568B24163FFB00228264 /* LaunchScreen.storyboard in Resources */,
				F6AA27B7244CA1A7009B64FC /* SF-Pro-Rounded-Light.otf in Resources */,
				F6AA27B5244CA152009B64FC /* SF-Pro-Rounded-Medium.otf in Resources */,
				F630C23A244859B3005F8944 /* LoadingView.xib in Resources */,
				F6AA27B9244CA1D7009B64FC /* SF-Pro-Display-Bold.otf in Resources */,
				F6C1568824163FFB00228264 /* Assets.xcassets in Resources */,
				F6C1568324163FF800228264 /* Main.storyboard in Resources */,
			);
			runOnlyForDeploymentPostprocessing = 0;
		};
		F6C1568F24163FFB00228264 /* Resources */ = {
			isa = PBXResourcesBuildPhase;
			buildActionMask = 2147483647;
			files = (
			);
			runOnlyForDeploymentPostprocessing = 0;
		};
/* End PBXResourcesBuildPhase section */

/* Begin PBXSourcesBuildPhase section */
		F6C1567424163FF800228264 /* Sources */ = {
			isa = PBXSourcesBuildPhase;
			buildActionMask = 2147483647;
			files = (
				F6C799D72424BE5C00B1C455 /* GoalCell.swift in Sources */,
				F630C233244859B3005F8944 /* Misc.swift in Sources */,
				F6FF54ED244DA40500C412C8 /* CornerRadiusView.swift in Sources */,
				F66F8A772449CFD5005C26A0 /* BaseTabBarController.swift in Sources */,
				F630C228244859B3005F8944 /* TransitionManager.swift in Sources */,
				F630C23C244859B3005F8944 /* DesignableTextView.swift in Sources */,
				F630C22E244859B3005F8944 /* SoundPlayer.swift in Sources */,
				F6C36FBD24436A8C00A844A6 /* DetailGoalCell.swift in Sources */,
				F69A87AD24421442004E9743 /* HistoryGoalCell.swift in Sources */,
				F630C23E244859B3005F8944 /* SpringAnimation.swift in Sources */,
				F630C239244859B3005F8944 /* AsyncButton.swift in Sources */,
				F6F9DAF7244638CE00E30497 /* StatsManager.swift in Sources */,
				F630C232244859B3005F8944 /* SpringTextView.swift in Sources */,
				F6AE8FFB2438DED400EFC4B7 /* CellDelegate.swift in Sources */,
				F6C36FBB24436A4E00A844A6 /* HistorySummaryCell.swift in Sources */,
				F630C234244859B3005F8944 /* SpringView.swift in Sources */,
				F689AAB7242E28E30037D003 /* DataManager.swift in Sources */,
				F6C1568024163FF800228264 /* TodayController.swift in Sources */,
				F69A87AB2440B813004E9743 /* HistoryManager.swift in Sources */,
				F6C36FBF24436AF600A844A6 /* DetailTaskCell.swift in Sources */,
				F6C799D92424BE9900B1C455 /* TaskCell.swift in Sources */,
				F6C1568624163FF900228264 /* FocusOn.xcdatamodeld in Sources */,
				F62CE640243207D900731DA6 /* Goal.swift in Sources */,
				F630C227244859B3005F8944 /* KeyboardLayoutConstraint.swift in Sources */,
				F630C23B244859B3005F8944 /* SpringLabel.swift in Sources */,
				F630C229244859B3005F8944 /* TransitionZoom.swift in Sources */,
				F6FA8B87244C731F00A01D73 /* GradientView.swift in Sources */,
				F630C22F244859B3005F8944 /* BlurView.swift in Sources */,
				F630C226244859B3005F8944 /* DesignableImageView.swift in Sources */,
				F630C238244859B3005F8944 /* DesignableTabBarController.swift in Sources */,
				F630C22A244859B3005F8944 /* ImageLoader.swift in Sources */,
				F630C22B244859B3005F8944 /* Spring.swift in Sources */,
				F62CE64224320EDB00731DA6 /* Task.swift in Sources */,
				F634E04F243C964B00E09571 /* TimeManager.swift in Sources */,
				F630C237244859B3005F8944 /* DesignableView.swift in Sources */,
				F67981DE2422139C00B518DE /* ProgressController.swift in Sources */,
				F6C1567C24163FF800228264 /* AppDelegate.swift in Sources */,
				F630C22C244859B3005F8944 /* SpringImageView.swift in Sources */,
				F630C236244859B3005F8944 /* SpringTextField.swift in Sources */,
				F630C23F244859B3005F8944 /* UnwindSegue.swift in Sources */,
				F630C230244859B3005F8944 /* DesignableTextField.swift in Sources */,
				F67981DC2422137600B518DE /* HistoryController.swift in Sources */,
				F630C231244859B3005F8944 /* SpringButton.swift in Sources */,
				F69A87B1244215AC004E9743 /* HistoryDetailController.swift in Sources */,
				F630C242244859B3005F8944 /* AsyncImageView.swift in Sources */,
				F630C22D244859B3005F8944 /* DesignableLabel.swift in Sources */,
				F630C23D244859B3005F8944 /* AutoTextView.swift in Sources */,
				F6C1567E24163FF800228264 /* SceneDelegate.swift in Sources */,
				F630C235244859B3005F8944 /* DesignableButton.swift in Sources */,
				F630C240244859B3005F8944 /* LoadingView.swift in Sources */,
			);
			runOnlyForDeploymentPostprocessing = 0;
		};
		F6C1568D24163FFB00228264 /* Sources */ = {
			isa = PBXSourcesBuildPhase;
			buildActionMask = 2147483647;
			files = (
				F6CFC32424601FBD00A0CE2D /* DataManagerTest.swift in Sources */,
				F6636F2724581611001BB8C1 /* HistoryManagerTest.swift in Sources */,
				F6974E99245069A900401CFF /* StatsManagerTest.swift in Sources */,
			);
			runOnlyForDeploymentPostprocessing = 0;
		};
/* End PBXSourcesBuildPhase section */

/* Begin PBXTargetDependency section */
		F6C1569324163FFB00228264 /* PBXTargetDependency */ = {
			isa = PBXTargetDependency;
			target = F6C1567724163FF800228264 /* FocusOn */;
			targetProxy = F6C1569224163FFB00228264 /* PBXContainerItemProxy */;
		};
/* End PBXTargetDependency section */

/* Begin PBXVariantGroup section */
		F6C1568124163FF800228264 /* Main.storyboard */ = {
			isa = PBXVariantGroup;
			children = (
				F6C1568224163FF800228264 /* Base */,
			);
			name = Main.storyboard;
			sourceTree = "<group>";
		};
		F6C1568924163FFB00228264 /* LaunchScreen.storyboard */ = {
			isa = PBXVariantGroup;
			children = (
				F6C1568A24163FFB00228264 /* Base */,
			);
			name = LaunchScreen.storyboard;
			sourceTree = "<group>";
		};
/* End PBXVariantGroup section */

/* Begin XCBuildConfiguration section */
		F6C1569824163FFB00228264 /* Debug */ = {
			isa = XCBuildConfiguration;
			buildSettings = {
				ALWAYS_SEARCH_USER_PATHS = NO;
				CLANG_ANALYZER_NONNULL = YES;
				CLANG_ANALYZER_NUMBER_OBJECT_CONVERSION = YES_AGGRESSIVE;
				CLANG_CXX_LANGUAGE_STANDARD = "gnu++14";
				CLANG_CXX_LIBRARY = "libc++";
				CLANG_ENABLE_MODULES = YES;
				CLANG_ENABLE_OBJC_ARC = YES;
				CLANG_ENABLE_OBJC_WEAK = YES;
				CLANG_WARN_BLOCK_CAPTURE_AUTORELEASING = YES;
				CLANG_WARN_BOOL_CONVERSION = YES;
				CLANG_WARN_COMMA = YES;
				CLANG_WARN_CONSTANT_CONVERSION = YES;
				CLANG_WARN_DEPRECATED_OBJC_IMPLEMENTATIONS = YES;
				CLANG_WARN_DIRECT_OBJC_ISA_USAGE = YES_ERROR;
				CLANG_WARN_DOCUMENTATION_COMMENTS = YES;
				CLANG_WARN_EMPTY_BODY = YES;
				CLANG_WARN_ENUM_CONVERSION = YES;
				CLANG_WARN_INFINITE_RECURSION = YES;
				CLANG_WARN_INT_CONVERSION = YES;
				CLANG_WARN_NON_LITERAL_NULL_CONVERSION = YES;
				CLANG_WARN_OBJC_IMPLICIT_RETAIN_SELF = YES;
				CLANG_WARN_OBJC_LITERAL_CONVERSION = YES;
				CLANG_WARN_OBJC_ROOT_CLASS = YES_ERROR;
				CLANG_WARN_RANGE_LOOP_ANALYSIS = YES;
				CLANG_WARN_STRICT_PROTOTYPES = YES;
				CLANG_WARN_SUSPICIOUS_MOVE = YES;
				CLANG_WARN_UNGUARDED_AVAILABILITY = YES_AGGRESSIVE;
				CLANG_WARN_UNREACHABLE_CODE = YES;
				CLANG_WARN__DUPLICATE_METHOD_MATCH = YES;
				COPY_PHASE_STRIP = NO;
				DEBUG_INFORMATION_FORMAT = dwarf;
				ENABLE_STRICT_OBJC_MSGSEND = YES;
				ENABLE_TESTABILITY = YES;
				GCC_C_LANGUAGE_STANDARD = gnu11;
				GCC_DYNAMIC_NO_PIC = NO;
				GCC_NO_COMMON_BLOCKS = YES;
				GCC_OPTIMIZATION_LEVEL = 0;
				GCC_PREPROCESSOR_DEFINITIONS = (
					"DEBUG=1",
					"$(inherited)",
				);
				GCC_WARN_64_TO_32_BIT_CONVERSION = YES;
				GCC_WARN_ABOUT_RETURN_TYPE = YES_ERROR;
				GCC_WARN_UNDECLARED_SELECTOR = YES;
				GCC_WARN_UNINITIALIZED_AUTOS = YES_AGGRESSIVE;
				GCC_WARN_UNUSED_FUNCTION = YES;
				GCC_WARN_UNUSED_VARIABLE = YES;
				IPHONEOS_DEPLOYMENT_TARGET = 13.4;
				MTL_ENABLE_DEBUG_INFO = INCLUDE_SOURCE;
				MTL_FAST_MATH = YES;
				ONLY_ACTIVE_ARCH = YES;
				SDKROOT = iphoneos;
				SWIFT_ACTIVE_COMPILATION_CONDITIONS = DEBUG;
				SWIFT_OPTIMIZATION_LEVEL = "-Onone";
			};
			name = Debug;
		};
		F6C1569924163FFB00228264 /* Release */ = {
			isa = XCBuildConfiguration;
			buildSettings = {
				ALWAYS_SEARCH_USER_PATHS = NO;
				CLANG_ANALYZER_NONNULL = YES;
				CLANG_ANALYZER_NUMBER_OBJECT_CONVERSION = YES_AGGRESSIVE;
				CLANG_CXX_LANGUAGE_STANDARD = "gnu++14";
				CLANG_CXX_LIBRARY = "libc++";
				CLANG_ENABLE_MODULES = YES;
				CLANG_ENABLE_OBJC_ARC = YES;
				CLANG_ENABLE_OBJC_WEAK = YES;
				CLANG_WARN_BLOCK_CAPTURE_AUTORELEASING = YES;
				CLANG_WARN_BOOL_CONVERSION = YES;
				CLANG_WARN_COMMA = YES;
				CLANG_WARN_CONSTANT_CONVERSION = YES;
				CLANG_WARN_DEPRECATED_OBJC_IMPLEMENTATIONS = YES;
				CLANG_WARN_DIRECT_OBJC_ISA_USAGE = YES_ERROR;
				CLANG_WARN_DOCUMENTATION_COMMENTS = YES;
				CLANG_WARN_EMPTY_BODY = YES;
				CLANG_WARN_ENUM_CONVERSION = YES;
				CLANG_WARN_INFINITE_RECURSION = YES;
				CLANG_WARN_INT_CONVERSION = YES;
				CLANG_WARN_NON_LITERAL_NULL_CONVERSION = YES;
				CLANG_WARN_OBJC_IMPLICIT_RETAIN_SELF = YES;
				CLANG_WARN_OBJC_LITERAL_CONVERSION = YES;
				CLANG_WARN_OBJC_ROOT_CLASS = YES_ERROR;
				CLANG_WARN_RANGE_LOOP_ANALYSIS = YES;
				CLANG_WARN_STRICT_PROTOTYPES = YES;
				CLANG_WARN_SUSPICIOUS_MOVE = YES;
				CLANG_WARN_UNGUARDED_AVAILABILITY = YES_AGGRESSIVE;
				CLANG_WARN_UNREACHABLE_CODE = YES;
				CLANG_WARN__DUPLICATE_METHOD_MATCH = YES;
				COPY_PHASE_STRIP = NO;
				DEBUG_INFORMATION_FORMAT = "dwarf-with-dsym";
				ENABLE_NS_ASSERTIONS = NO;
				ENABLE_STRICT_OBJC_MSGSEND = YES;
				GCC_C_LANGUAGE_STANDARD = gnu11;
				GCC_NO_COMMON_BLOCKS = YES;
				GCC_WARN_64_TO_32_BIT_CONVERSION = YES;
				GCC_WARN_ABOUT_RETURN_TYPE = YES_ERROR;
				GCC_WARN_UNDECLARED_SELECTOR = YES;
				GCC_WARN_UNINITIALIZED_AUTOS = YES_AGGRESSIVE;
				GCC_WARN_UNUSED_FUNCTION = YES;
				GCC_WARN_UNUSED_VARIABLE = YES;
				IPHONEOS_DEPLOYMENT_TARGET = 13.4;
				MTL_ENABLE_DEBUG_INFO = NO;
				MTL_FAST_MATH = YES;
				SDKROOT = iphoneos;
				SWIFT_COMPILATION_MODE = wholemodule;
				SWIFT_OPTIMIZATION_LEVEL = "-O";
				VALIDATE_PRODUCT = YES;
			};
			name = Release;
		};
		F6C1569B24163FFB00228264 /* Debug */ = {
			isa = XCBuildConfiguration;
			buildSettings = {
				ASSETCATALOG_COMPILER_APPICON_NAME = AppIcon;
				CODE_SIGN_STYLE = Automatic;
				DEVELOPMENT_TEAM = SBGL4S82U2;
				INFOPLIST_FILE = FocusOn/Info.plist;
				IPHONEOS_DEPLOYMENT_TARGET = 13.4;
				LD_RUNPATH_SEARCH_PATHS = (
					"$(inherited)",
					"@executable_path/Frameworks",
				);
				PRODUCT_BUNDLE_IDENTIFIER = art.bjornlau.FocusOn;
				PRODUCT_NAME = "$(TARGET_NAME)";
				SWIFT_VERSION = 5.0;
				TARGETED_DEVICE_FAMILY = 1;
			};
			name = Debug;
		};
		F6C1569C24163FFB00228264 /* Release */ = {
			isa = XCBuildConfiguration;
			buildSettings = {
				ASSETCATALOG_COMPILER_APPICON_NAME = AppIcon;
				CODE_SIGN_STYLE = Automatic;
				DEVELOPMENT_TEAM = SBGL4S82U2;
				INFOPLIST_FILE = FocusOn/Info.plist;
				IPHONEOS_DEPLOYMENT_TARGET = 13.4;
				LD_RUNPATH_SEARCH_PATHS = (
					"$(inherited)",
					"@executable_path/Frameworks",
				);
				PRODUCT_BUNDLE_IDENTIFIER = art.bjornlau.FocusOn;
				PRODUCT_NAME = "$(TARGET_NAME)";
				SWIFT_VERSION = 5.0;
				TARGETED_DEVICE_FAMILY = 1;
			};
			name = Release;
		};
		F6C1569E24163FFB00228264 /* Debug */ = {
			isa = XCBuildConfiguration;
			buildSettings = {
				ALWAYS_EMBED_SWIFT_STANDARD_LIBRARIES = YES;
				BUNDLE_LOADER = "$(TEST_HOST)";
				CODE_SIGN_STYLE = Automatic;
				DEVELOPMENT_TEAM = SBGL4S82U2;
				INFOPLIST_FILE = FocusOnTests/Info.plist;
				IPHONEOS_DEPLOYMENT_TARGET = 13.4;
				LD_RUNPATH_SEARCH_PATHS = (
					"$(inherited)",
					"@executable_path/Frameworks",
					"@loader_path/Frameworks",
				);
				PRODUCT_BUNDLE_IDENTIFIER = art.bjornlau.FocusOnTests;
				PRODUCT_NAME = "$(TARGET_NAME)";
				SWIFT_VERSION = 5.0;
				TARGETED_DEVICE_FAMILY = "1,2";
				TEST_HOST = "$(BUILT_PRODUCTS_DIR)/FocusOn.app/FocusOn";
			};
			name = Debug;
		};
		F6C1569F24163FFB00228264 /* Release */ = {
			isa = XCBuildConfiguration;
			buildSettings = {
				ALWAYS_EMBED_SWIFT_STANDARD_LIBRARIES = YES;
				BUNDLE_LOADER = "$(TEST_HOST)";
				CODE_SIGN_STYLE = Automatic;
				DEVELOPMENT_TEAM = SBGL4S82U2;
				INFOPLIST_FILE = FocusOnTests/Info.plist;
				IPHONEOS_DEPLOYMENT_TARGET = 13.4;
				LD_RUNPATH_SEARCH_PATHS = (
					"$(inherited)",
					"@executable_path/Frameworks",
					"@loader_path/Frameworks",
				);
				PRODUCT_BUNDLE_IDENTIFIER = art.bjornlau.FocusOnTests;
				PRODUCT_NAME = "$(TARGET_NAME)";
				SWIFT_VERSION = 5.0;
				TARGETED_DEVICE_FAMILY = "1,2";
				TEST_HOST = "$(BUILT_PRODUCTS_DIR)/FocusOn.app/FocusOn";
			};
			name = Release;
		};
/* End XCBuildConfiguration section */

/* Begin XCConfigurationList section */
		F6C1567324163FF800228264 /* Build configuration list for PBXProject "FocusOn" */ = {
			isa = XCConfigurationList;
			buildConfigurations = (
				F6C1569824163FFB00228264 /* Debug */,
				F6C1569924163FFB00228264 /* Release */,
			);
			defaultConfigurationIsVisible = 0;
			defaultConfigurationName = Release;
		};
		F6C1569A24163FFB00228264 /* Build configuration list for PBXNativeTarget "FocusOn" */ = {
			isa = XCConfigurationList;
			buildConfigurations = (
				F6C1569B24163FFB00228264 /* Debug */,
				F6C1569C24163FFB00228264 /* Release */,
			);
			defaultConfigurationIsVisible = 0;
			defaultConfigurationName = Release;
		};
		F6C1569D24163FFB00228264 /* Build configuration list for PBXNativeTarget "FocusOnTests" */ = {
			isa = XCConfigurationList;
			buildConfigurations = (
				F6C1569E24163FFB00228264 /* Debug */,
				F6C1569F24163FFB00228264 /* Release */,
			);
			defaultConfigurationIsVisible = 0;
			defaultConfigurationName = Release;
		};
/* End XCConfigurationList section */

/* Begin XCVersionGroup section */
		F6C1568424163FF800228264 /* FocusOn.xcdatamodeld */ = {
			isa = XCVersionGroup;
			children = (
				F6C1568524163FF800228264 /* FocusOn.xcdatamodel */,
			);
			currentVersion = F6C1568524163FF800228264 /* FocusOn.xcdatamodel */;
			path = FocusOn.xcdatamodeld;
			sourceTree = "<group>";
			versionGroupType = wrapper.xcdatamodel;
		};
/* End XCVersionGroup section */
	};
	rootObject = F6C1567024163FF800228264 /* Project object */;
}
