// !$*UTF8*$!
{
	archiveVersion = 1;
	classes = {
	};
	objectVersion = 50;
	objects = {

/* Begin PBXBuildFile section */
		F6675A6C24239E9000958BFF /* DataStructure.swift in Sources */ = {isa = PBXBuildFile; fileRef = F6675A6B24239E9000958BFF /* DataStructure.swift */; };
		F67981DC2422137600B518DE /* HistoryController.swift in Sources */ = {isa = PBXBuildFile; fileRef = F67981DB2422137600B518DE /* HistoryController.swift */; };
		F67981DE2422139C00B518DE /* ProgressController.swift in Sources */ = {isa = PBXBuildFile; fileRef = F67981DD2422139C00B518DE /* ProgressController.swift */; };
		F6C1567C24163FF800228264 /* AppDelegate.swift in Sources */ = {isa = PBXBuildFile; fileRef = F6C1567B24163FF800228264 /* AppDelegate.swift */; };
		F6C1567E24163FF800228264 /* SceneDelegate.swift in Sources */ = {isa = PBXBuildFile; fileRef = F6C1567D24163FF800228264 /* SceneDelegate.swift */; };
		F6C1568024163FF800228264 /* TodayController.swift in Sources */ = {isa = PBXBuildFile; fileRef = F6C1567F24163FF800228264 /* TodayController.swift */; };
		F6C1568324163FF800228264 /* Main.storyboard in Resources */ = {isa = PBXBuildFile; fileRef = F6C1568124163FF800228264 /* Main.storyboard */; };
		F6C1568624163FF900228264 /* FocusOn.xcdatamodeld in Sources */ = {isa = PBXBuildFile; fileRef = F6C1568424163FF800228264 /* FocusOn.xcdatamodeld */; };
		F6C1568824163FFB00228264 /* Assets.xcassets in Resources */ = {isa = PBXBuildFile; fileRef = F6C1568724163FFB00228264 /* Assets.xcassets */; };
		F6C1568B24163FFB00228264 /* LaunchScreen.storyboard in Resources */ = {isa = PBXBuildFile; fileRef = F6C1568924163FFB00228264 /* LaunchScreen.storyboard */; };
		F6C1569624163FFB00228264 /* FocusOnTests.swift in Sources */ = {isa = PBXBuildFile; fileRef = F6C1569524163FFB00228264 /* FocusOnTests.swift */; };
/* End PBXBuildFile section */

/* Begin PBXContainerItemProxy section */
		F6C1569224163FFB00228264 /* PBXContainerItemProxy */ = {
			isa = PBXContainerItemProxy;
			containerPortal = F6C1567024163FF800228264 /* Project object */;
			proxyType = 1;
			remoteGlobalIDString = F6C1567724163FF800228264;
			remoteInfo = FocusOn;
		};
/* End PBXContainerItemProxy section */

/* Begin PBXFileReference section */
		F6675A6B24239E9000958BFF /* DataStructure.swift */ = {isa = PBXFileReference; lastKnownFileType = sourcecode.swift; path = DataStructure.swift; sourceTree = "<group>"; };
		F67981DB2422137600B518DE /* HistoryController.swift */ = {isa = PBXFileReference; lastKnownFileType = sourcecode.swift; path = HistoryController.swift; sourceTree = "<group>"; };
		F67981DD2422139C00B518DE /* ProgressController.swift */ = {isa = PBXFileReference; lastKnownFileType = sourcecode.swift; path = ProgressController.swift; sourceTree = "<group>"; };
		F6C1567824163FF800228264 /* FocusOn.app */ = {isa = PBXFileReference; explicitFileType = wrapper.application; includeInIndex = 0; path = FocusOn.app; sourceTree = BUILT_PRODUCTS_DIR; };
		F6C1567B24163FF800228264 /* AppDelegate.swift */ = {isa = PBXFileReference; lastKnownFileType = sourcecode.swift; path = AppDelegate.swift; sourceTree = "<group>"; };
		F6C1567D24163FF800228264 /* SceneDelegate.swift */ = {isa = PBXFileReference; lastKnownFileType = sourcecode.swift; path = SceneDelegate.swift; sourceTree = "<group>"; };
		F6C1567F24163FF800228264 /* TodayController.swift */ = {isa = PBXFileReference; lastKnownFileType = sourcecode.swift; path = TodayController.swift; sourceTree = "<group>"; };
		F6C1568224163FF800228264 /* Base */ = {isa = PBXFileReference; lastKnownFileType = file.storyboard; name = Base; path = Base.lproj/Main.storyboard; sourceTree = "<group>"; };
		F6C1568524163FF800228264 /* FocusOn.xcdatamodel */ = {isa = PBXFileReference; lastKnownFileType = wrapper.xcdatamodel; path = FocusOn.xcdatamodel; sourceTree = "<group>"; };
		F6C1568724163FFB00228264 /* Assets.xcassets */ = {isa = PBXFileReference; lastKnownFileType = folder.assetcatalog; path = Assets.xcassets; sourceTree = "<group>"; };
		F6C1568A24163FFB00228264 /* Base */ = {isa = PBXFileReference; lastKnownFileType = file.storyboard; name = Base; path = Base.lproj/LaunchScreen.storyboard; sourceTree = "<group>"; };
		F6C1568C24163FFB00228264 /* Info.plist */ = {isa = PBXFileReference; lastKnownFileType = text.plist.xml; path = Info.plist; sourceTree = "<group>"; };
		F6C1569124163FFB00228264 /* FocusOnTests.xctest */ = {isa = PBXFileReference; explicitFileType = wrapper.cfbundle; includeInIndex = 0; path = FocusOnTests.xctest; sourceTree = BUILT_PRODUCTS_DIR; };
		F6C1569524163FFB00228264 /* FocusOnTests.swift */ = {isa = PBXFileReference; lastKnownFileType = sourcecode.swift; path = FocusOnTests.swift; sourceTree = "<group>"; };
		F6C1569724163FFB00228264 /* Info.plist */ = {isa = PBXFileReference; lastKnownFileType = text.plist.xml; path = Info.plist; sourceTree = "<group>"; };
/* End PBXFileReference section */

/* Begin PBXFrameworksBuildPhase section */
		F6C1567524163FF800228264 /* Frameworks */ = {
			isa = PBXFrameworksBuildPhase;
			buildActionMask = 2147483647;
			files = (
			);
			runOnlyForDeploymentPostprocessing = 0;
		};
		F6C1568E24163FFB00228264 /* Frameworks */ = {
			isa = PBXFrameworksBuildPhase;
			buildActionMask = 2147483647;
			files = (
			);
			runOnlyForDeploymentPostprocessing = 0;
		};
/* End PBXFrameworksBuildPhase section */

/* Begin PBXGroup section */
		F67981D624220E6200B518DE /* Model */ = {
			isa = PBXGroup;
			children = (
				F6675A6B24239E9000958BFF /* DataStructure.swift */,
			);
			path = Model;
			sourceTree = "<group>";
		};
		F67981D724220E6D00B518DE /* View */ = {
			isa = PBXGroup;
			children = (
				F6C1568124163FF800228264 /* Main.storyboard */,
			);
			path = View;
			sourceTree = "<group>";
		};
		F67981D824220E7300B518DE /* Controller */ = {
			isa = PBXGroup;
			children = (
				F6C1567F24163FF800228264 /* TodayController.swift */,
				F67981DB2422137600B518DE /* HistoryController.swift */,
				F67981DD2422139C00B518DE /* ProgressController.swift */,
			);
			path = Controller;
			sourceTree = "<group>";
		};
		F67981D924220EA800B518DE /* CoreData */ = {
			isa = PBXGroup;
			children = (
				F6C1568424163FF800228264 /* FocusOn.xcdatamodeld */,
			);
			path = CoreData;
			sourceTree = "<group>";
		};
		F67981DA24220EC700B518DE /* SupportingFiles */ = {
			isa = PBXGroup;
			children = (
				F6C1567B24163FF800228264 /* AppDelegate.swift */,
				F6C1567D24163FF800228264 /* SceneDelegate.swift */,
				F6C1568924163FFB00228264 /* LaunchScreen.storyboard */,
				F6C1568C24163FFB00228264 /* Info.plist */,
			);
			name = SupportingFiles;
			sourceTree = "<group>";
		};
		F6C1566F24163FF800228264 = {
			isa = PBXGroup;
			children = (
				F6C1567A24163FF800228264 /* FocusOn */,
				F6C1569424163FFB00228264 /* FocusOnTests */,
				F6C1567924163FF800228264 /* Products */,
			);
			sourceTree = "<group>";
		};
		F6C1567924163FF800228264 /* Products */ = {
			isa = PBXGroup;
			children = (
				F6C1567824163FF800228264 /* FocusOn.app */,
				F6C1569124163FFB00228264 /* FocusOnTests.xctest */,
			);
			name = Products;
			sourceTree = "<group>";
		};
		F6C1567A24163FF800228264 /* FocusOn */ = {
			isa = PBXGroup;
			children = (
				F67981D624220E6200B518DE /* Model */,
				F67981D724220E6D00B518DE /* View */,
				F67981D824220E7300B518DE /* Controller */,
				F67981D924220EA800B518DE /* CoreData */,
				F67981DA24220EC700B518DE /* SupportingFiles */,
				F6C1568724163FFB00228264 /* Assets.xcassets */,
			);
			path = FocusOn;
			sourceTree = "<group>";
		};
		F6C1569424163FFB00228264 /* FocusOnTests */ = {
			isa = PBXGroup;
			children = (
				F6C1569524163FFB00228264 /* FocusOnTests.swift */,
				F6C1569724163FFB00228264 /* Info.plist */,
			);
			path = FocusOnTests;
			sourceTree = "<group>";
		};
/* End PBXGroup section */

/* Begin PBXNativeTarget section */
		F6C1567724163FF800228264 /* FocusOn */ = {
			isa = PBXNativeTarget;
			buildConfigurationList = F6C1569A24163FFB00228264 /* Build configuration list for PBXNativeTarget "FocusOn" */;
			buildPhases = (
				F6C1567424163FF800228264 /* Sources */,
				F6C1567524163FF800228264 /* Frameworks */,
				F6C1567624163FF800228264 /* Resources */,
			);
			buildRules = (
			);
			dependencies = (
			);
			name = FocusOn;
			productName = FocusOn;
			productReference = F6C1567824163FF800228264 /* FocusOn.app */;
			productType = "com.apple.product-type.application";
		};
		F6C1569024163FFB00228264 /* FocusOnTests */ = {
			isa = PBXNativeTarget;
			buildConfigurationList = F6C1569D24163FFB00228264 /* Build configuration list for PBXNativeTarget "FocusOnTests" */;
			buildPhases = (
				F6C1568D24163FFB00228264 /* Sources */,
				F6C1568E24163FFB00228264 /* Frameworks */,
				F6C1568F24163FFB00228264 /* Resources */,
			);
			buildRules = (
			);
			dependencies = (
				F6C1569324163FFB00228264 /* PBXTargetDependency */,
			);
			name = FocusOnTests;
			productName = FocusOnTests;
			productReference = F6C1569124163FFB00228264 /* FocusOnTests.xctest */;
			productType = "com.apple.product-type.bundle.unit-test";
		};
/* End PBXNativeTarget section */

/* Begin PBXProject section */
		F6C1567024163FF800228264 /* Project object */ = {
			isa = PBXProject;
			attributes = {
				LastSwiftUpdateCheck = 1130;
				LastUpgradeCheck = 1130;
				ORGANIZATIONNAME = "Bjørn Lau Jørgensen";
				TargetAttributes = {
					F6C1567724163FF800228264 = {
						CreatedOnToolsVersion = 11.3.1;
					};
					F6C1569024163FFB00228264 = {
						CreatedOnToolsVersion = 11.3.1;
						TestTargetID = F6C1567724163FF800228264;
					};
				};
			};
			buildConfigurationList = F6C1567324163FF800228264 /* Build configuration list for PBXProject "FocusOn" */;
			compatibilityVersion = "Xcode 9.3";
			developmentRegion = en;
			hasScannedForEncodings = 0;
			knownRegions = (
				en,
				Base,
			);
			mainGroup = F6C1566F24163FF800228264;
			productRefGroup = F6C1567924163FF800228264 /* Products */;
			projectDirPath = "";
			projectRoot = "";
			targets = (
				F6C1567724163FF800228264 /* FocusOn */,
				F6C1569024163FFB00228264 /* FocusOnTests */,
			);
		};
/* End PBXProject section */

/* Begin PBXResourcesBuildPhase section */
		F6C1567624163FF800228264 /* Resources */ = {
			isa = PBXResourcesBuildPhase;
			buildActionMask = 2147483647;
			files = (
				F6C1568B24163FFB00228264 /* LaunchScreen.storyboard in Resources */,
				F6C1568824163FFB00228264 /* Assets.xcassets in Resources */,
				F6C1568324163FF800228264 /* Main.storyboard in Resources */,
			);
			runOnlyForDeploymentPostprocessing = 0;
		};
		F6C1568F24163FFB00228264 /* Resources */ = {
			isa = PBXResourcesBuildPhase;
			buildActionMask = 2147483647;
			files = (
			);
			runOnlyForDeploymentPostprocessing = 0;
		};
/* End PBXResourcesBuildPhase section */

/* Begin PBXSourcesBuildPhase section */
		F6C1567424163FF800228264 /* Sources */ = {
			isa = PBXSourcesBuildPhase;
			buildActionMask = 2147483647;
			files = (
				F6C1568024163FF800228264 /* TodayController.swift in Sources */,
				F6C1568624163FF900228264 /* FocusOn.xcdatamodeld in Sources */,
				F6675A6C24239E9000958BFF /* DataStructure.swift in Sources */,
				F67981DE2422139C00B518DE /* ProgressController.swift in Sources */,
				F6C1567C24163FF800228264 /* AppDelegate.swift in Sources */,
				F67981DC2422137600B518DE /* HistoryController.swift in Sources */,
				F6C1567E24163FF800228264 /* SceneDelegate.swift in Sources */,
			);
			runOnlyForDeploymentPostprocessing = 0;
		};
		F6C1568D24163FFB00228264 /* Sources */ = {
			isa = PBXSourcesBuildPhase;
			buildActionMask = 2147483647;
			files = (
				F6C1569624163FFB00228264 /* FocusOnTests.swift in Sources */,
			);
			runOnlyForDeploymentPostprocessing = 0;
		};
/* End PBXSourcesBuildPhase section */

/* Begin PBXTargetDependency section */
		F6C1569324163FFB00228264 /* PBXTargetDependency */ = {
			isa = PBXTargetDependency;
			target = F6C1567724163FF800228264 /* FocusOn */;
			targetProxy = F6C1569224163FFB00228264 /* PBXContainerItemProxy */;
		};
/* End PBXTargetDependency section */

/* Begin PBXVariantGroup section */
		F6C1568124163FF800228264 /* Main.storyboard */ = {
			isa = PBXVariantGroup;
			children = (
				F6C1568224163FF800228264 /* Base */,
			);
			name = Main.storyboard;
			sourceTree = "<group>";
		};
		F6C1568924163FFB00228264 /* LaunchScreen.storyboard */ = {
			isa = PBXVariantGroup;
			children = (
				F6C1568A24163FFB00228264 /* Base */,
			);
			name = LaunchScreen.storyboard;
			sourceTree = "<group>";
		};
/* End PBXVariantGroup section */

/* Begin XCBuildConfiguration section */
		F6C1569824163FFB00228264 /* Debug */ = {
			isa = XCBuildConfiguration;
			buildSettings = {
				ALWAYS_SEARCH_USER_PATHS = NO;
				CLANG_ANALYZER_NONNULL = YES;
				CLANG_ANALYZER_NUMBER_OBJECT_CONVERSION = YES_AGGRESSIVE;
				CLANG_CXX_LANGUAGE_STANDARD = "gnu++14";
				CLANG_CXX_LIBRARY = "libc++";
				CLANG_ENABLE_MODULES = YES;
				CLANG_ENABLE_OBJC_ARC = YES;
				CLANG_ENABLE_OBJC_WEAK = YES;
				CLANG_WARN_BLOCK_CAPTURE_AUTORELEASING = YES;
				CLANG_WARN_BOOL_CONVERSION = YES;
				CLANG_WARN_COMMA = YES;
				CLANG_WARN_CONSTANT_CONVERSION = YES;
				CLANG_WARN_DEPRECATED_OBJC_IMPLEMENTATIONS = YES;
				CLANG_WARN_DIRECT_OBJC_ISA_USAGE = YES_ERROR;
				CLANG_WARN_DOCUMENTATION_COMMENTS = YES;
				CLANG_WARN_EMPTY_BODY = YES;
				CLANG_WARN_ENUM_CONVERSION = YES;
				CLANG_WARN_INFINITE_RECURSION = YES;
				CLANG_WARN_INT_CONVERSION = YES;
				CLANG_WARN_NON_LITERAL_NULL_CONVERSION = YES;
				CLANG_WARN_OBJC_IMPLICIT_RETAIN_SELF = YES;
				CLANG_WARN_OBJC_LITERAL_CONVERSION = YES;
				CLANG_WARN_OBJC_ROOT_CLASS = YES_ERROR;
				CLANG_WARN_RANGE_LOOP_ANALYSIS = YES;
				CLANG_WARN_STRICT_PROTOTYPES = YES;
				CLANG_WARN_SUSPICIOUS_MOVE = YES;
				CLANG_WARN_UNGUARDED_AVAILABILITY = YES_AGGRESSIVE;
				CLANG_WARN_UNREACHABLE_CODE = YES;
				CLANG_WARN__DUPLICATE_METHOD_MATCH = YES;
				COPY_PHASE_STRIP = NO;
				DEBUG_INFORMATION_FORMAT = dwarf;
				ENABLE_STRICT_OBJC_MSGSEND = YES;
				ENABLE_TESTABILITY = YES;
				GCC_C_LANGUAGE_STANDARD = gnu11;
				GCC_DYNAMIC_NO_PIC = NO;
				GCC_NO_COMMON_BLOCKS = YES;
				GCC_OPTIMIZATION_LEVEL = 0;
				GCC_PREPROCESSOR_DEFINITIONS = (
					"DEBUG=1",
					"$(inherited)",
				);
				GCC_WARN_64_TO_32_BIT_CONVERSION = YES;
				GCC_WARN_ABOUT_RETURN_TYPE = YES_ERROR;
				GCC_WARN_UNDECLARED_SELECTOR = YES;
				GCC_WARN_UNINITIALIZED_AUTOS = YES_AGGRESSIVE;
				GCC_WARN_UNUSED_FUNCTION = YES;
				GCC_WARN_UNUSED_VARIABLE = YES;
				IPHONEOS_DEPLOYMENT_TARGET = 13.2;
				MTL_ENABLE_DEBUG_INFO = INCLUDE_SOURCE;
				MTL_FAST_MATH = YES;
				ONLY_ACTIVE_ARCH = YES;
				SDKROOT = iphoneos;
				SWIFT_ACTIVE_COMPILATION_CONDITIONS = DEBUG;
				SWIFT_OPTIMIZATION_LEVEL = "-Onone";
			};
			name = Debug;
		};
		F6C1569924163FFB00228264 /* Release */ = {
			isa = XCBuildConfiguration;
			buildSettings = {
				ALWAYS_SEARCH_USER_PATHS = NO;
				CLANG_ANALYZER_NONNULL = YES;
				CLANG_ANALYZER_NUMBER_OBJECT_CONVERSION = YES_AGGRESSIVE;
				CLANG_CXX_LANGUAGE_STANDARD = "gnu++14";
				CLANG_CXX_LIBRARY = "libc++";
				CLANG_ENABLE_MODULES = YES;
				CLANG_ENABLE_OBJC_ARC = YES;
				CLANG_ENABLE_OBJC_WEAK = YES;
				CLANG_WARN_BLOCK_CAPTURE_AUTORELEASING = YES;
				CLANG_WARN_BOOL_CONVERSION = YES;
				CLANG_WARN_COMMA = YES;
				CLANG_WARN_CONSTANT_CONVERSION = YES;
				CLANG_WARN_DEPRECATED_OBJC_IMPLEMENTATIONS = YES;
				CLANG_WARN_DIRECT_OBJC_ISA_USAGE = YES_ERROR;
				CLANG_WARN_DOCUMENTATION_COMMENTS = YES;
				CLANG_WARN_EMPTY_BODY = YES;
				CLANG_WARN_ENUM_CONVERSION = YES;
				CLANG_WARN_INFINITE_RECURSION = YES;
				CLANG_WARN_INT_CONVERSION = YES;
				CLANG_WARN_NON_LITERAL_NULL_CONVERSION = YES;
				CLANG_WARN_OBJC_IMPLICIT_RETAIN_SELF = YES;
				CLANG_WARN_OBJC_LITERAL_CONVERSION = YES;
				CLANG_WARN_OBJC_ROOT_CLASS = YES_ERROR;
				CLANG_WARN_RANGE_LOOP_ANALYSIS = YES;
				CLANG_WARN_STRICT_PROTOTYPES = YES;
				CLANG_WARN_SUSPICIOUS_MOVE = YES;
				CLANG_WARN_UNGUARDED_AVAILABILITY = YES_AGGRESSIVE;
				CLANG_WARN_UNREACHABLE_CODE = YES;
				CLANG_WARN__DUPLICATE_METHOD_MATCH = YES;
				COPY_PHASE_STRIP = NO;
				DEBUG_INFORMATION_FORMAT = "dwarf-with-dsym";
				ENABLE_NS_ASSERTIONS = NO;
				ENABLE_STRICT_OBJC_MSGSEND = YES;
				GCC_C_LANGUAGE_STANDARD = gnu11;
				GCC_NO_COMMON_BLOCKS = YES;
				GCC_WARN_64_TO_32_BIT_CONVERSION = YES;
				GCC_WARN_ABOUT_RETURN_TYPE = YES_ERROR;
				GCC_WARN_UNDECLARED_SELECTOR = YES;
				GCC_WARN_UNINITIALIZED_AUTOS = YES_AGGRESSIVE;
				GCC_WARN_UNUSED_FUNCTION = YES;
				GCC_WARN_UNUSED_VARIABLE = YES;
				IPHONEOS_DEPLOYMENT_TARGET = 13.2;
				MTL_ENABLE_DEBUG_INFO = NO;
				MTL_FAST_MATH = YES;
				SDKROOT = iphoneos;
				SWIFT_COMPILATION_MODE = wholemodule;
				SWIFT_OPTIMIZATION_LEVEL = "-O";
				VALIDATE_PRODUCT = YES;
			};
			name = Release;
		};
		F6C1569B24163FFB00228264 /* Debug */ = {
			isa = XCBuildConfiguration;
			buildSettings = {
				ASSETCATALOG_COMPILER_APPICON_NAME = AppIcon;
				CODE_SIGN_STYLE = Automatic;
				DEVELOPMENT_TEAM = SBGL4S82U2;
				INFOPLIST_FILE = FocusOn/Info.plist;
				LD_RUNPATH_SEARCH_PATHS = (
					"$(inherited)",
					"@executable_path/Frameworks",
				);
				PRODUCT_BUNDLE_IDENTIFIER = art.bjornlau.FocusOn;
				PRODUCT_NAME = "$(TARGET_NAME)";
				SWIFT_VERSION = 5.0;
				TARGETED_DEVICE_FAMILY = 1;
			};
			name = Debug;
		};
		F6C1569C24163FFB00228264 /* Release */ = {
			isa = XCBuildConfiguration;
			buildSettings = {
				ASSETCATALOG_COMPILER_APPICON_NAME = AppIcon;
				CODE_SIGN_STYLE = Automatic;
				DEVELOPMENT_TEAM = SBGL4S82U2;
				INFOPLIST_FILE = FocusOn/Info.plist;
				LD_RUNPATH_SEARCH_PATHS = (
					"$(inherited)",
					"@executable_path/Frameworks",
				);
				PRODUCT_BUNDLE_IDENTIFIER = art.bjornlau.FocusOn;
				PRODUCT_NAME = "$(TARGET_NAME)";
				SWIFT_VERSION = 5.0;
				TARGETED_DEVICE_FAMILY = 1;
			};
			name = Release;
		};
		F6C1569E24163FFB00228264 /* Debug */ = {
			isa = XCBuildConfiguration;
			buildSettings = {
				ALWAYS_EMBED_SWIFT_STANDARD_LIBRARIES = YES;
				BUNDLE_LOADER = "$(TEST_HOST)";
				CODE_SIGN_STYLE = Automatic;
				DEVELOPMENT_TEAM = SBGL4S82U2;
				INFOPLIST_FILE = FocusOnTests/Info.plist;
				IPHONEOS_DEPLOYMENT_TARGET = 13.2;
				LD_RUNPATH_SEARCH_PATHS = (
					"$(inherited)",
					"@executable_path/Frameworks",
					"@loader_path/Frameworks",
				);
				PRODUCT_BUNDLE_IDENTIFIER = art.bjornlau.FocusOnTests;
				PRODUCT_NAME = "$(TARGET_NAME)";
				SWIFT_VERSION = 5.0;
				TARGETED_DEVICE_FAMILY = "1,2";
				TEST_HOST = "$(BUILT_PRODUCTS_DIR)/FocusOn.app/FocusOn";
			};
			name = Debug;
		};
		F6C1569F24163FFB00228264 /* Release */ = {
			isa = XCBuildConfiguration;
			buildSettings = {
				ALWAYS_EMBED_SWIFT_STANDARD_LIBRARIES = YES;
				BUNDLE_LOADER = "$(TEST_HOST)";
				CODE_SIGN_STYLE = Automatic;
				DEVELOPMENT_TEAM = SBGL4S82U2;
				INFOPLIST_FILE = FocusOnTests/Info.plist;
				IPHONEOS_DEPLOYMENT_TARGET = 13.2;
				LD_RUNPATH_SEARCH_PATHS = (
					"$(inherited)",
					"@executable_path/Frameworks",
					"@loader_path/Frameworks",
				);
				PRODUCT_BUNDLE_IDENTIFIER = art.bjornlau.FocusOnTests;
				PRODUCT_NAME = "$(TARGET_NAME)";
				SWIFT_VERSION = 5.0;
				TARGETED_DEVICE_FAMILY = "1,2";
				TEST_HOST = "$(BUILT_PRODUCTS_DIR)/FocusOn.app/FocusOn";
			};
			name = Release;
		};
/* End XCBuildConfiguration section */

/* Begin XCConfigurationList section */
		F6C1567324163FF800228264 /* Build configuration list for PBXProject "FocusOn" */ = {
			isa = XCConfigurationList;
			buildConfigurations = (
				F6C1569824163FFB00228264 /* Debug */,
				F6C1569924163FFB00228264 /* Release */,
			);
			defaultConfigurationIsVisible = 0;
			defaultConfigurationName = Release;
		};
		F6C1569A24163FFB00228264 /* Build configuration list for PBXNativeTarget "FocusOn" */ = {
			isa = XCConfigurationList;
			buildConfigurations = (
				F6C1569B24163FFB00228264 /* Debug */,
				F6C1569C24163FFB00228264 /* Release */,
			);
			defaultConfigurationIsVisible = 0;
			defaultConfigurationName = Release;
		};
		F6C1569D24163FFB00228264 /* Build configuration list for PBXNativeTarget "FocusOnTests" */ = {
			isa = XCConfigurationList;
			buildConfigurations = (
				F6C1569E24163FFB00228264 /* Debug */,
				F6C1569F24163FFB00228264 /* Release */,
			);
			defaultConfigurationIsVisible = 0;
			defaultConfigurationName = Release;
		};
/* End XCConfigurationList section */

/* Begin XCVersionGroup section */
		F6C1568424163FF800228264 /* FocusOn.xcdatamodeld */ = {
			isa = XCVersionGroup;
			children = (
				F6C1568524163FF800228264 /* FocusOn.xcdatamodel */,
			);
			currentVersion = F6C1568524163FF800228264 /* FocusOn.xcdatamodel */;
			path = FocusOn.xcdatamodeld;
			sourceTree = "<group>";
			versionGroupType = wrapper.xcdatamodel;
		};
/* End XCVersionGroup section */
	};
	rootObject = F6C1567024163FF800228264 /* Project object */;
}
